
Microsoft Visual Studio Solution File, Format Version 12.00
# Visual Studio Version 17
VisualStudioVersion = 17.14.36408.4 d17.14
MinimumVisualStudioVersion = 10.0.40219.1
Project("{FAE04EC0-301F-11D3-BF4B-00C04F79EFBC}") = "10C#", "10C#\10C#.csproj", "{683C84C7-FC1B-41F7-96F7-E9427502D600}"
EndProject
Global
	GlobalSection(SolutionConfigurationPlatforms) = preSolution
		Debug|Any CPU = Debug|Any CPU
		Release|Any CPU = Release|Any CPU
	EndGlobalSection
	GlobalSection(ProjectConfigurationPlatforms) = postSolution
		{683C84C7-FC1B-41F7-96F7-E9427502D600}.Debug|Any CPU.ActiveCfg = Debug|Any CPU
		{683C84C7-FC1B-41F7-96F7-E9427502D600}.Debug|Any CPU.Build.0 = Debug|Any CPU
		{683C84C7-FC1B-41F7-96F7-E9427502D600}.Release|Any CPU.ActiveCfg = Release|Any CPU
		{683C84C7-FC1B-41F7-96F7-E9427502D600}.Release|Any CPU.Build.0 = Release|Any CPU
	EndGlobalSection
	GlobalSection(SolutionProperties) = preSolution
		HideSolutionNode = FALSE
	EndGlobalSection
	GlobalSection(ExtensibilityGlobals) = postSolution
		SolutionGuid = {84E8BCBC-D51D-45D1-BAF8-9DD0872830C3}
	EndGlobalSection
EndGlobal
