
Microsoft Visual Studio Solution File, Format Version 12.00
# Visual Studio Version 17
VisualStudioVersion = 17.14.36408.4 d17.14
MinimumVisualStudioVersion = 10.0.40219.1
Project("{FAE04EC0-301F-11D3-BF4B-00C04F79EFBC}") = "9C#", "9C#\9C#.csproj", "{5FB8F433-20D9-48C4-AA3D-9E28A59BEF41}"
EndProject
Global
	GlobalSection(SolutionConfigurationPlatforms) = preSolution
		Debug|Any CPU = Debug|Any CPU
		Release|Any CPU = Release|Any CPU
	EndGlobalSection
	GlobalSection(ProjectConfigurationPlatforms) = postSolution
		{5FB8F433-20D9-48C4-AA3D-9E28A59BEF41}.Debug|Any CPU.ActiveCfg = Debug|Any CPU
		{5FB8F433-20D9-48C4-AA3D-9E28A59BEF41}.Debug|Any CPU.Build.0 = Debug|Any CPU
		{5FB8F433-20D9-48C4-AA3D-9E28A59BEF41}.Release|Any CPU.ActiveCfg = Release|Any CPU
		{5FB8F433-20D9-48C4-AA3D-9E28A59BEF41}.Release|Any CPU.Build.0 = Release|Any CPU
	EndGlobalSection
	GlobalSection(SolutionProperties) = preSolution
		HideSolutionNode = FALSE
	EndGlobalSection
	GlobalSection(ExtensibilityGlobals) = postSolution
		SolutionGuid = {2EFE3827-905A-4C28-A83B-3C30117DC56C}
	EndGlobalSection
EndGlobal
