
Microsoft Visual Studio Solution File, Format Version 12.00
# Visual Studio Version 17
VisualStudioVersion = 17.14.36408.4 d17.14
MinimumVisualStudioVersion = 10.0.40219.1
Project("{FAE04EC0-301F-11D3-BF4B-00C04F79EFBC}") = "6C#", "6C#\6C#.csproj", "{A693F96C-6137-438D-A3B5-179F211BF087}"
EndProject
Global
	GlobalSection(SolutionConfigurationPlatforms) = preSolution
		Debug|Any CPU = Debug|Any CPU
		Release|Any CPU = Release|Any CPU
	EndGlobalSection
	GlobalSection(ProjectConfigurationPlatforms) = postSolution
		{A693F96C-6137-438D-A3B5-179F211BF087}.Debug|Any CPU.ActiveCfg = Debug|Any CPU
		{A693F96C-6137-438D-A3B5-179F211BF087}.Debug|Any CPU.Build.0 = Debug|Any CPU
		{A693F96C-6137-438D-A3B5-179F211BF087}.Release|Any CPU.ActiveCfg = Release|Any CPU
		{A693F96C-6137-438D-A3B5-179F211BF087}.Release|Any CPU.Build.0 = Release|Any CPU
	EndGlobalSection
	GlobalSection(SolutionProperties) = preSolution
		HideSolutionNode = FALSE
	EndGlobalSection
	GlobalSection(ExtensibilityGlobals) = postSolution
		SolutionGuid = {7817CA20-503F-49BE-8E77-924E99E801ED}
	EndGlobalSection
EndGlobal
